
Microsoft Visual Studio Solution File, Format Version 12.00
# Visual Studio Version 17
VisualStudioVersion = 17.14.36310.24
MinimumVisualStudioVersion = 10.0.40219.1
Project("{B1E792BE-AA5F-4E3C-8C82-674BF9C0715B}") = "Base_PlcHmi", "Base_PlcHmi.tsproj", "{E76C0E15-9B0C-411F-90CE-576E98CD7A1D}"
EndProject
Global
	GlobalSection(SolutionConfigurationPlatforms) = preSolution
		Debug|TwinCAT OS (ARMV7-A) = Debug|TwinCAT OS (ARMV7-A)
		Debug|TwinCAT OS (ARMV7-M) = Debug|TwinCAT OS (ARMV7-M)
		Debug|TwinCAT OS (ARMV8-A) = Debug|TwinCAT OS (ARMV8-A)
		Debug|TwinCAT OS (x64) = Debug|TwinCAT OS (x64)
		Debug|TwinCAT OS (x64-E) = Debug|TwinCAT OS (x64-E)
		Debug|TwinCAT RT (x64) = Debug|TwinCAT RT (x64)
		Debug|TwinCAT RT (x86) = Debug|TwinCAT RT (x86)
		Release|TwinCAT OS (ARMV7-A) = Release|TwinCAT OS (ARMV7-A)
		Release|TwinCAT OS (ARMV7-M) = Release|TwinCAT OS (ARMV7-M)
		Release|TwinCAT OS (ARMV8-A) = Release|TwinCAT OS (ARMV8-A)
		Release|TwinCAT OS (x64) = Release|TwinCAT OS (x64)
		Release|TwinCAT OS (x64-E) = Release|TwinCAT OS (x64-E)
		Release|TwinCAT RT (x64) = Release|TwinCAT RT (x64)
		Release|TwinCAT RT (x86) = Release|TwinCAT RT (x86)
	EndGlobalSection
	GlobalSection(ProjectConfigurationPlatforms) = postSolution
		{E76C0E15-9B0C-411F-90CE-576E98CD7A1D}.Debug|TwinCAT OS (ARMV7-A).ActiveCfg = Debug|TwinCAT OS (ARMV7-A)
		{E76C0E15-9B0C-411F-90CE-576E98CD7A1D}.Debug|TwinCAT OS (ARMV7-A).Build.0 = Debug|TwinCAT OS (ARMV7-A)
		{E76C0E15-9B0C-411F-90CE-576E98CD7A1D}.Debug|TwinCAT OS (ARMV7-M).ActiveCfg = Debug|TwinCAT OS (ARMV7-M)
		{E76C0E15-9B0C-411F-90CE-576E98CD7A1D}.Debug|TwinCAT OS (ARMV7-M).Build.0 = Debug|TwinCAT OS (ARMV7-M)
		{E76C0E15-9B0C-411F-90CE-576E98CD7A1D}.Debug|TwinCAT OS (ARMV8-A).ActiveCfg = Debug|TwinCAT OS (ARMV8-A)
		{E76C0E15-9B0C-411F-90CE-576E98CD7A1D}.Debug|TwinCAT OS (ARMV8-A).Build.0 = Debug|TwinCAT OS (ARMV8-A)
		{E76C0E15-9B0C-411F-90CE-576E98CD7A1D}.Debug|TwinCAT OS (x64).ActiveCfg = Debug|TwinCAT OS (x64)
		{E76C0E15-9B0C-411F-90CE-576E98CD7A1D}.Debug|TwinCAT OS (x64).Build.0 = Debug|TwinCAT OS (x64)
		{E76C0E15-9B0C-411F-90CE-576E98CD7A1D}.Debug|TwinCAT OS (x64-E).ActiveCfg = Debug|TwinCAT OS (x64-E)
		{E76C0E15-9B0C-411F-90CE-576E98CD7A1D}.Debug|TwinCAT OS (x64-E).Build.0 = Debug|TwinCAT OS (x64-E)
		{E76C0E15-9B0C-411F-90CE-576E98CD7A1D}.Debug|TwinCAT RT (x64).ActiveCfg = Debug|TwinCAT RT (x64)
		{E76C0E15-9B0C-411F-90CE-576E98CD7A1D}.Debug|TwinCAT RT (x64).Build.0 = Debug|TwinCAT RT (x64)
		{E76C0E15-9B0C-411F-90CE-576E98CD7A1D}.Debug|TwinCAT RT (x86).ActiveCfg = Debug|TwinCAT RT (x86)
		{E76C0E15-9B0C-411F-90CE-576E98CD7A1D}.Debug|TwinCAT RT (x86).Build.0 = Debug|TwinCAT RT (x86)
		{E76C0E15-9B0C-411F-90CE-576E98CD7A1D}.Release|TwinCAT OS (ARMV7-A).ActiveCfg = Release|TwinCAT OS (ARMV7-A)
		{E76C0E15-9B0C-411F-90CE-576E98CD7A1D}.Release|TwinCAT OS (ARMV7-A).Build.0 = Release|TwinCAT OS (ARMV7-A)
		{E76C0E15-9B0C-411F-90CE-576E98CD7A1D}.Release|TwinCAT OS (ARMV7-M).ActiveCfg = Release|TwinCAT OS (ARMV7-M)
		{E76C0E15-9B0C-411F-90CE-576E98CD7A1D}.Release|TwinCAT OS (ARMV7-M).Build.0 = Release|TwinCAT OS (ARMV7-M)
		{E76C0E15-9B0C-411F-90CE-576E98CD7A1D}.Release|TwinCAT OS (ARMV8-A).ActiveCfg = Release|TwinCAT OS (ARMV8-A)
		{E76C0E15-9B0C-411F-90CE-576E98CD7A1D}.Release|TwinCAT OS (ARMV8-A).Build.0 = Release|TwinCAT OS (ARMV8-A)
		{E76C0E15-9B0C-411F-90CE-576E98CD7A1D}.Release|TwinCAT OS (x64).ActiveCfg = Release|TwinCAT OS (x64)
		{E76C0E15-9B0C-411F-90CE-576E98CD7A1D}.Release|TwinCAT OS (x64).Build.0 = Release|TwinCAT OS (x64)
		{E76C0E15-9B0C-411F-90CE-576E98CD7A1D}.Release|TwinCAT OS (x64-E).ActiveCfg = Release|TwinCAT OS (x64-E)
		{E76C0E15-9B0C-411F-90CE-576E98CD7A1D}.Release|TwinCAT OS (x64-E).Build.0 = Release|TwinCAT OS (x64-E)
		{E76C0E15-9B0C-411F-90CE-576E98CD7A1D}.Release|TwinCAT RT (x64).ActiveCfg = Release|TwinCAT RT (x64)
		{E76C0E15-9B0C-411F-90CE-576E98CD7A1D}.Release|TwinCAT RT (x64).Build.0 = Release|TwinCAT RT (x64)
		{E76C0E15-9B0C-411F-90CE-576E98CD7A1D}.Release|TwinCAT RT (x86).ActiveCfg = Release|TwinCAT RT (x86)
		{E76C0E15-9B0C-411F-90CE-576E98CD7A1D}.Release|TwinCAT RT (x86).Build.0 = Release|TwinCAT RT (x86)
		{000E98B2-8547-4589-B735-956153C7D01C}.Debug|TwinCAT OS (ARMV7-A).ActiveCfg = Debug|TwinCAT OS (ARMV7-A)
		{000E98B2-8547-4589-B735-956153C7D01C}.Debug|TwinCAT OS (ARMV7-A).Build.0 = Debug|TwinCAT OS (ARMV7-A)
		{000E98B2-8547-4589-B735-956153C7D01C}.Debug|TwinCAT OS (ARMV7-M).ActiveCfg = Debug|TwinCAT OS (ARMV7-M)
		{000E98B2-8547-4589-B735-956153C7D01C}.Debug|TwinCAT OS (ARMV7-M).Build.0 = Debug|TwinCAT OS (ARMV7-M)
		{000E98B2-8547-4589-B735-956153C7D01C}.Debug|TwinCAT OS (ARMV8-A).ActiveCfg = Debug|TwinCAT OS (ARMV8-A)
		{000E98B2-8547-4589-B735-956153C7D01C}.Debug|TwinCAT OS (ARMV8-A).Build.0 = Debug|TwinCAT OS (ARMV8-A)
		{000E98B2-8547-4589-B735-956153C7D01C}.Debug|TwinCAT OS (x64).ActiveCfg = Debug|TwinCAT OS (x64)
		{000E98B2-8547-4589-B735-956153C7D01C}.Debug|TwinCAT OS (x64).Build.0 = Debug|TwinCAT OS (x64)
		{000E98B2-8547-4589-B735-956153C7D01C}.Debug|TwinCAT OS (x64-E).ActiveCfg = Debug|TwinCAT OS (x64-E)
		{000E98B2-8547-4589-B735-956153C7D01C}.Debug|TwinCAT OS (x64-E).Build.0 = Debug|TwinCAT OS (x64-E)
		{000E98B2-8547-4589-B735-956153C7D01C}.Debug|TwinCAT RT (x64).ActiveCfg = Debug|TwinCAT RT (x64)
		{000E98B2-8547-4589-B735-956153C7D01C}.Debug|TwinCAT RT (x64).Build.0 = Debug|TwinCAT RT (x64)
		{000E98B2-8547-4589-B735-956153C7D01C}.Debug|TwinCAT RT (x86).ActiveCfg = Debug|TwinCAT RT (x86)
		{000E98B2-8547-4589-B735-956153C7D01C}.Debug|TwinCAT RT (x86).Build.0 = Debug|TwinCAT RT (x86)
		{000E98B2-8547-4589-B735-956153C7D01C}.Release|TwinCAT OS (ARMV7-A).ActiveCfg = Release|TwinCAT OS (ARMV7-A)
		{000E98B2-8547-4589-B735-956153C7D01C}.Release|TwinCAT OS (ARMV7-A).Build.0 = Release|TwinCAT OS (ARMV7-A)
		{000E98B2-8547-4589-B735-956153C7D01C}.Release|TwinCAT OS (ARMV7-M).ActiveCfg = Release|TwinCAT OS (ARMV7-M)
		{000E98B2-8547-4589-B735-956153C7D01C}.Release|TwinCAT OS (ARMV7-M).Build.0 = Release|TwinCAT OS (ARMV7-M)
		{000E98B2-8547-4589-B735-956153C7D01C}.Release|TwinCAT OS (ARMV8-A).ActiveCfg = Release|TwinCAT OS (ARMV8-A)
		{000E98B2-8547-4589-B735-956153C7D01C}.Release|TwinCAT OS (ARMV8-A).Build.0 = Release|TwinCAT OS (ARMV8-A)
		{000E98B2-8547-4589-B735-956153C7D01C}.Release|TwinCAT OS (x64).ActiveCfg = Release|TwinCAT OS (x64)
		{000E98B2-8547-4589-B735-956153C7D01C}.Release|TwinCAT OS (x64).Build.0 = Release|TwinCAT OS (x64)
		{000E98B2-8547-4589-B735-956153C7D01C}.Release|TwinCAT OS (x64-E).ActiveCfg = Release|TwinCAT OS (x64-E)
		{000E98B2-8547-4589-B735-956153C7D01C}.Release|TwinCAT OS (x64-E).Build.0 = Release|TwinCAT OS (x64-E)
		{000E98B2-8547-4589-B735-956153C7D01C}.Release|TwinCAT RT (x64).ActiveCfg = Release|TwinCAT RT (x64)
		{000E98B2-8547-4589-B735-956153C7D01C}.Release|TwinCAT RT (x64).Build.0 = Release|TwinCAT RT (x64)
		{000E98B2-8547-4589-B735-956153C7D01C}.Release|TwinCAT RT (x86).ActiveCfg = Release|TwinCAT RT (x86)
		{000E98B2-8547-4589-B735-956153C7D01C}.Release|TwinCAT RT (x86).Build.0 = Release|TwinCAT RT (x86)
	EndGlobalSection
	GlobalSection(SolutionProperties) = preSolution
		HideSolutionNode = FALSE
	EndGlobalSection
	GlobalSection(ExtensibilityGlobals) = postSolution
		SolutionGuid = {46CF8F07-3DD2-4450-B231-6ECF75AF8D50}
	EndGlobalSection
EndGlobal
